
Microsoft Visual Studio Solution File, Format Version 12.00
# Visual Studio Version 17
VisualStudioVersion = 17.3.32819.101
MinimumVisualStudioVersion = 10.0.40219.1
Project("{FAE04EC0-301F-11D3-BF4B-00C04F79EFBC}") = "LoginService", "LoginService.csproj", "{968DCF8A-5292-4B5D-A511-9F246537C7EF}"
EndProject
Global
	GlobalSection(SolutionConfigurationPlatforms) = preSolution
		Debug|Any CPU = Debug|Any CPU
		Release|Any CPU = Release|Any CPU
	EndGlobalSection
	GlobalSection(ProjectConfigurationPlatforms) = postSolution
		{968DCF8A-5292-4B5D-A511-9F246537C7EF}.Debug|Any CPU.ActiveCfg = Debug|Any CPU
		{968DCF8A-5292-4B5D-A511-9F246537C7EF}.Debug|Any CPU.Build.0 = Debug|Any CPU
		{968DCF8A-5292-4B5D-A511-9F246537C7EF}.Release|Any CPU.ActiveCfg = Release|Any CPU
		{968DCF8A-5292-4B5D-A511-9F246537C7EF}.Release|Any CPU.Build.0 = Release|Any CPU
	EndGlobalSection
	GlobalSection(SolutionProperties) = preSolution
		HideSolutionNode = FALSE
	EndGlobalSection
	GlobalSection(ExtensibilityGlobals) = postSolution
		SolutionGuid = {41E57A10-266E-49C8-B8B8-5216CB148F20}
	EndGlobalSection
EndGlobal
